// !$*UTF8*$!
{
	archiveVersion = 1;
	classes = {
	};
	objectVersion = 55;
	objects = {

/* Begin PBXBuildFile section */
		0A66BF4B2693FE5B0007FF7F /* GlanceApp.swift in Sources */ = {isa = PBXBuildFile; fileRef = 0A66BF4A2693FE5B0007FF7F /* GlanceApp.swift */; };
		0A66BF4D2693FE5B0007FF7F /* ContentView.swift in Sources */ = {isa = PBXBuildFile; fileRef = 0A66BF4C2693FE5B0007FF7F /* ContentView.swift */; };
		0A66BF4F2693FE5C0007FF7F /* Assets.xcassets in Resources */ = {isa = PBXBuildFile; fileRef = 0A66BF4E2693FE5C0007FF7F /* Assets.xcassets */; };
		0A66BF5C2693FE5C0007FF7F /* GlanceTests.swift in Sources */ = {isa = PBXBuildFile; fileRef = 0A66BF5B2693FE5C0007FF7F /* GlanceTests.swift */; };
		0A66BF662693FE5C0007FF7F /* GlanceUITests.swift in Sources */ = {isa = PBXBuildFile; fileRef = 0A66BF652693FE5C0007FF7F /* GlanceUITests.swift */; };
		0A66BF732693FF010007FF7F /* Background.swift in Sources */ = {isa = PBXBuildFile; fileRef = 0A66BF722693FF010007FF7F /* Background.swift */; };
		0A66BF752693FF450007FF7F /* HomeView.swift in Sources */ = {isa = PBXBuildFile; fileRef = 0A66BF742693FF450007FF7F /* HomeView.swift */; };
		0A66BF77269400B80007FF7F /* SettingsView.swift in Sources */ = {isa = PBXBuildFile; fileRef = 0A66BF76269400B80007FF7F /* SettingsView.swift */; };
/* End PBXBuildFile section */

/* Begin PBXContainerItemProxy section */
		0A66BF582693FE5C0007FF7F /* PBXContainerItemProxy */ = {
			isa = PBXContainerItemProxy;
			containerPortal = 0A66BF3F2693FE5B0007FF7F /* Project object */;
			proxyType = 1;
			remoteGlobalIDString = 0A66BF462693FE5B0007FF7F;
			remoteInfo = Glance;
		};
		0A66BF622693FE5C0007FF7F /* PBXContainerItemProxy */ = {
			isa = PBXContainerItemProxy;
			containerPortal = 0A66BF3F2693FE5B0007FF7F /* Project object */;
			proxyType = 1;
			remoteGlobalIDString = 0A66BF462693FE5B0007FF7F;
			remoteInfo = Glance;
		};
/* End PBXContainerItemProxy section */

/* Begin PBXFileReference section */
		0A66BF472693FE5B0007FF7F /* Glance.app */ = {isa = PBXFileReference; explicitFileType = wrapper.application; includeInIndex = 0; path = Glance.app; sourceTree = BUILT_PRODUCTS_DIR; };
		0A66BF4A2693FE5B0007FF7F /* GlanceApp.swift */ = {isa = PBXFileReference; lastKnownFileType = sourcecode.swift; path = GlanceApp.swift; sourceTree = "<group>"; };
		0A66BF4C2693FE5B0007FF7F /* ContentView.swift */ = {isa = PBXFileReference; lastKnownFileType = sourcecode.swift; path = ContentView.swift; sourceTree = "<group>"; };
		0A66BF4E2693FE5C0007FF7F /* Assets.xcassets */ = {isa = PBXFileReference; lastKnownFileType = folder.assetcatalog; path = Assets.xcassets; sourceTree = "<group>"; };
		0A66BF572693FE5C0007FF7F /* GlanceTests.xctest */ = {isa = PBXFileReference; explicitFileType = wrapper.cfbundle; includeInIndex = 0; path = GlanceTests.xctest; sourceTree = BUILT_PRODUCTS_DIR; };
		0A66BF5B2693FE5C0007FF7F /* GlanceTests.swift */ = {isa = PBXFileReference; lastKnownFileType = sourcecode.swift; path = GlanceTests.swift; sourceTree = "<group>"; };
		0A66BF612693FE5C0007FF7F /* GlanceUITests.xctest */ = {isa = PBXFileReference; explicitFileType = wrapper.cfbundle; includeInIndex = 0; path = GlanceUITests.xctest; sourceTree = BUILT_PRODUCTS_DIR; };
		0A66BF652693FE5C0007FF7F /* GlanceUITests.swift */ = {isa = PBXFileReference; lastKnownFileType = sourcecode.swift; path = GlanceUITests.swift; sourceTree = "<group>"; };
		0A66BF722693FF010007FF7F /* Background.swift */ = {isa = PBXFileReference; lastKnownFileType = sourcecode.swift; path = Background.swift; sourceTree = "<group>"; };
		0A66BF742693FF450007FF7F /* HomeView.swift */ = {isa = PBXFileReference; lastKnownFileType = sourcecode.swift; path = HomeView.swift; sourceTree = "<group>"; };
		0A66BF76269400B80007FF7F /* SettingsView.swift */ = {isa = PBXFileReference; lastKnownFileType = sourcecode.swift; path = SettingsView.swift; sourceTree = "<group>"; };
/* End PBXFileReference section */

/* Begin PBXFrameworksBuildPhase section */
		0A66BF442693FE5B0007FF7F /* Frameworks */ = {
			isa = PBXFrameworksBuildPhase;
			buildActionMask = 2147483647;
			files = (
			);
			runOnlyForDeploymentPostprocessing = 0;
		};
		0A66BF542693FE5C0007FF7F /* Frameworks */ = {
			isa = PBXFrameworksBuildPhase;
			buildActionMask = 2147483647;
			files = (
			);
			runOnlyForDeploymentPostprocessing = 0;
		};
		0A66BF5E2693FE5C0007FF7F /* Frameworks */ = {
			isa = PBXFrameworksBuildPhase;
			buildActionMask = 2147483647;
			files = (
			);
			runOnlyForDeploymentPostprocessing = 0;
		};
/* End PBXFrameworksBuildPhase section */

/* Begin PBXGroup section */
		0A66BF3E2693FE5B0007FF7F = {
			isa = PBXGroup;
			children = (
				0A66BF492693FE5B0007FF7F /* Glance */,
				0A66BF5A2693FE5C0007FF7F /* GlanceTests */,
				0A66BF642693FE5C0007FF7F /* GlanceUITests */,
				0A66BF482693FE5B0007FF7F /* Products */,
			);
			sourceTree = "<group>";
		};
		0A66BF482693FE5B0007FF7F /* Products */ = {
			isa = PBXGroup;
			children = (
				0A66BF472693FE5B0007FF7F /* Glance.app */,
				0A66BF572693FE5C0007FF7F /* GlanceTests.xctest */,
				0A66BF612693FE5C0007FF7F /* GlanceUITests.xctest */,
			);
			name = Products;
			sourceTree = "<group>";
		};
		0A66BF492693FE5B0007FF7F /* Glance */ = {
			isa = PBXGroup;
			children = (
				0A66BF4A2693FE5B0007FF7F /* GlanceApp.swift */,
				0A66BF722693FF010007FF7F /* Background.swift */,
				0A66BF4C2693FE5B0007FF7F /* ContentView.swift */,
				0A66BF78269400C40007FF7F /* Views */,
				0A66BF4E2693FE5C0007FF7F /* Assets.xcassets */,
			);
			path = Glance;
			sourceTree = "<group>";
		};
		0A66BF5A2693FE5C0007FF7F /* GlanceTests */ = {
			isa = PBXGroup;
			children = (
				0A66BF5B2693FE5C0007FF7F /* GlanceTests.swift */,
			);
			path = GlanceTests;
			sourceTree = "<group>";
		};
		0A66BF642693FE5C0007FF7F /* GlanceUITests */ = {
			isa = PBXGroup;
			children = (
				0A66BF652693FE5C0007FF7F /* GlanceUITests.swift */,
			);
			path = GlanceUITests;
			sourceTree = "<group>";
		};
		0A66BF78269400C40007FF7F /* Views */ = {
			isa = PBXGroup;
			children = (
				0A66BF742693FF450007FF7F /* HomeView.swift */,
				0A66BF76269400B80007FF7F /* SettingsView.swift */,
			);
			path = Views;
			sourceTree = "<group>";
		};
/* End PBXGroup section */

/* Begin PBXNativeTarget section */
		0A66BF462693FE5B0007FF7F /* Glance */ = {
			isa = PBXNativeTarget;
			buildConfigurationList = 0A66BF692693FE5C0007FF7F /* Build configuration list for PBXNativeTarget "Glance" */;
			buildPhases = (
				0A66BF432693FE5B0007FF7F /* Sources */,
				0A66BF442693FE5B0007FF7F /* Frameworks */,
				0A66BF452693FE5B0007FF7F /* Resources */,
			);
			buildRules = (
			);
			dependencies = (
			);
			name = Glance;
			productName = Glance;
			productReference = 0A66BF472693FE5B0007FF7F /* Glance.app */;
			productType = "com.apple.product-type.application";
		};
		0A66BF562693FE5C0007FF7F /* GlanceTests */ = {
			isa = PBXNativeTarget;
			buildConfigurationList = 0A66BF6C2693FE5C0007FF7F /* Build configuration list for PBXNativeTarget "GlanceTests" */;
			buildPhases = (
				0A66BF532693FE5C0007FF7F /* Sources */,
				0A66BF542693FE5C0007FF7F /* Frameworks */,
				0A66BF552693FE5C0007FF7F /* Resources */,
			);
			buildRules = (
			);
			dependencies = (
				0A66BF592693FE5C0007FF7F /* PBXTargetDependency */,
			);
			name = GlanceTests;
			productName = GlanceTests;
			productReference = 0A66BF572693FE5C0007FF7F /* GlanceTests.xctest */;
			productType = "com.apple.product-type.bundle.unit-test";
		};
		0A66BF602693FE5C0007FF7F /* GlanceUITests */ = {
			isa = PBXNativeTarget;
			buildConfigurationList = 0A66BF6F2693FE5C0007FF7F /* Build configuration list for PBXNativeTarget "GlanceUITests" */;
			buildPhases = (
				0A66BF5D2693FE5C0007FF7F /* Sources */,
				0A66BF5E2693FE5C0007FF7F /* Frameworks */,
				0A66BF5F2693FE5C0007FF7F /* Resources */,
			);
			buildRules = (
			);
			dependencies = (
				0A66BF632693FE5C0007FF7F /* PBXTargetDependency */,
			);
			name = GlanceUITests;
			productName = GlanceUITests;
			productReference = 0A66BF612693FE5C0007FF7F /* GlanceUITests.xctest */;
			productType = "com.apple.product-type.bundle.ui-testing";
		};
/* End PBXNativeTarget section */

/* Begin PBXProject section */
		0A66BF3F2693FE5B0007FF7F /* Project object */ = {
			isa = PBXProject;
			attributes = {
				BuildIndependentTargetsInParallel = 1;
				LastSwiftUpdateCheck = 1300;
				LastUpgradeCheck = 1300;
				TargetAttributes = {
					0A66BF462693FE5B0007FF7F = {
						CreatedOnToolsVersion = 13.0;
					};
					0A66BF562693FE5C0007FF7F = {
						CreatedOnToolsVersion = 13.0;
						TestTargetID = 0A66BF462693FE5B0007FF7F;
					};
					0A66BF602693FE5C0007FF7F = {
						CreatedOnToolsVersion = 13.0;
						TestTargetID = 0A66BF462693FE5B0007FF7F;
					};
				};
			};
			buildConfigurationList = 0A66BF422693FE5B0007FF7F /* Build configuration list for PBXProject "Glance" */;
			compatibilityVersion = "Xcode 13.0";
			developmentRegion = en;
			hasScannedForEncodings = 0;
			knownRegions = (
				en,
				Base,
			);
			mainGroup = 0A66BF3E2693FE5B0007FF7F;
			productRefGroup = 0A66BF482693FE5B0007FF7F /* Products */;
			projectDirPath = "";
			projectRoot = "";
			targets = (
				0A66BF462693FE5B0007FF7F /* Glance */,
				0A66BF562693FE5C0007FF7F /* GlanceTests */,
				0A66BF602693FE5C0007FF7F /* GlanceUITests */,
			);
		};
/* End PBXProject section */

/* Begin PBXResourcesBuildPhase section */
		0A66BF452693FE5B0007FF7F /* Resources */ = {
			isa = PBXResourcesBuildPhase;
			buildActionMask = 2147483647;
			files = (
				0A66BF4F2693FE5C0007FF7F /* Assets.xcassets in Resources */,
			);
			runOnlyForDeploymentPostprocessing = 0;
		};
		0A66BF552693FE5C0007FF7F /* Resources */ = {
			isa = PBXResourcesBuildPhase;
			buildActionMask = 2147483647;
			files = (
			);
			runOnlyForDeploymentPostprocessing = 0;
		};
		0A66BF5F2693FE5C0007FF7F /* Resources */ = {
			isa = PBXResourcesBuildPhase;
			buildActionMask = 2147483647;
			files = (
			);
			runOnlyForDeploymentPostprocessing = 0;
		};
/* End PBXResourcesBuildPhase section */

/* Begin PBXSourcesBuildPhase section */
		0A66BF432693FE5B0007FF7F /* Sources */ = {
			isa = PBXSourcesBuildPhase;
			buildActionMask = 2147483647;
			files = (
				0A66BF77269400B80007FF7F /* SettingsView.swift in Sources */,
				0A66BF4D2693FE5B0007FF7F /* ContentView.swift in Sources */,
				0A66BF752693FF450007FF7F /* HomeView.swift in Sources */,
				0A66BF4B2693FE5B0007FF7F /* GlanceApp.swift in Sources */,
				0A66BF732693FF010007FF7F /* Background.swift in Sources */,
			);
			runOnlyForDeploymentPostprocessing = 0;
		};
		0A66BF532693FE5C0007FF7F /* Sources */ = {
			isa = PBXSourcesBuildPhase;
			buildActionMask = 2147483647;
			files = (
				0A66BF5C2693FE5C0007FF7F /* GlanceTests.swift in Sources */,
			);
			runOnlyForDeploymentPostprocessing = 0;
		};
		0A66BF5D2693FE5C0007FF7F /* Sources */ = {
			isa = PBXSourcesBuildPhase;
			buildActionMask = 2147483647;
			files = (
				0A66BF662693FE5C0007FF7F /* GlanceUITests.swift in Sources */,
			);
			runOnlyForDeploymentPostprocessing = 0;
		};
/* End PBXSourcesBuildPhase section */

/* Begin PBXTargetDependency section */
		0A66BF592693FE5C0007FF7F /* PBXTargetDependency */ = {
			isa = PBXTargetDependency;
			target = 0A66BF462693FE5B0007FF7F /* Glance */;
			targetProxy = 0A66BF582693FE5C0007FF7F /* PBXContainerItemProxy */;
		};
		0A66BF632693FE5C0007FF7F /* PBXTargetDependency */ = {
			isa = PBXTargetDependency;
			target = 0A66BF462693FE5B0007FF7F /* Glance */;
			targetProxy = 0A66BF622693FE5C0007FF7F /* PBXContainerItemProxy */;
		};
/* End PBXTargetDependency section */

/* Begin XCBuildConfiguration section */
		0A66BF672693FE5C0007FF7F /* Debug */ = {
			isa = XCBuildConfiguration;
			buildSettings = {
				ALWAYS_SEARCH_USER_PATHS = NO;
				CLANG_ANALYZER_NONNULL = YES;
				CLANG_ANALYZER_NUMBER_OBJECT_CONVERSION = YES_AGGRESSIVE;
				CLANG_CXX_LANGUAGE_STANDARD = "gnu++14";
				CLANG_CXX_LIBRARY = "libc++";
				CLANG_ENABLE_MODULES = YES;
				CLANG_ENABLE_OBJC_ARC = YES;
				CLANG_ENABLE_OBJC_WEAK = YES;
				CLANG_WARN_BLOCK_CAPTURE_AUTORELEASING = YES;
				CLANG_WARN_BOOL_CONVERSION = YES;
				CLANG_WARN_COMMA = YES;
				CLANG_WARN_CONSTANT_CONVERSION = YES;
				CLANG_WARN_DEPRECATED_OBJC_IMPLEMENTATIONS = YES;
				CLANG_WARN_DIRECT_OBJC_ISA_USAGE = YES_ERROR;
				CLANG_WARN_DOCUMENTATION_COMMENTS = YES;
				CLANG_WARN_EMPTY_BODY = YES;
				CLANG_WARN_ENUM_CONVERSION = YES;
				CLANG_WARN_INFINITE_RECURSION = YES;
				CLANG_WARN_INT_CONVERSION = YES;
				CLANG_WARN_NON_LITERAL_NULL_CONVERSION = YES;
				CLANG_WARN_OBJC_IMPLICIT_RETAIN_SELF = YES;
				CLANG_WARN_OBJC_LITERAL_CONVERSION = YES;
				CLANG_WARN_OBJC_ROOT_CLASS = YES_ERROR;
				CLANG_WARN_QUOTED_INCLUDE_IN_FRAMEWORK_HEADER = YES;
				CLANG_WARN_RANGE_LOOP_ANALYSIS = YES;
				CLANG_WARN_STRICT_PROTOTYPES = YES;
				CLANG_WARN_SUSPICIOUS_MOVE = YES;
				CLANG_WARN_UNGUARDED_AVAILABILITY = YES_AGGRESSIVE;
				CLANG_WARN_UNREACHABLE_CODE = YES;
				CLANG_WARN__DUPLICATE_METHOD_MATCH = YES;
				COPY_PHASE_STRIP = NO;
				DEBUG_INFORMATION_FORMAT = dwarf;
				ENABLE_STRICT_OBJC_MSGSEND = YES;
				ENABLE_TESTABILITY = YES;
				GCC_C_LANGUAGE_STANDARD = gnu11;
				GCC_DYNAMIC_NO_PIC = NO;
				GCC_NO_COMMON_BLOCKS = YES;
				GCC_OPTIMIZATION_LEVEL = 0;
				GCC_PREPROCESSOR_DEFINITIONS = (
					"DEBUG=1",
					"$(inherited)",
				);
				GCC_WARN_64_TO_32_BIT_CONVERSION = YES;
				GCC_WARN_ABOUT_RETURN_TYPE = YES_ERROR;
				GCC_WARN_UNDECLARED_SELECTOR = YES;
				GCC_WARN_UNINITIALIZED_AUTOS = YES_AGGRESSIVE;
				GCC_WARN_UNUSED_FUNCTION = YES;
				GCC_WARN_UNUSED_VARIABLE = YES;
				IPHONEOS_DEPLOYMENT_TARGET = 15.0;
				MTL_ENABLE_DEBUG_INFO = INCLUDE_SOURCE;
				MTL_FAST_MATH = YES;
				ONLY_ACTIVE_ARCH = YES;
				SDKROOT = iphoneos;
				SWIFT_ACTIVE_COMPILATION_CONDITIONS = DEBUG;
				SWIFT_OPTIMIZATION_LEVEL = "-Onone";
			};
			name = Debug;
		};
		0A66BF682693FE5C0007FF7F /* Release */ = {
			isa = XCBuildConfiguration;
			buildSettings = {
				ALWAYS_SEARCH_USER_PATHS = NO;
				CLANG_ANALYZER_NONNULL = YES;
				CLANG_ANALYZER_NUMBER_OBJECT_CONVERSION = YES_AGGRESSIVE;
				CLANG_CXX_LANGUAGE_STANDARD = "gnu++14";
				CLANG_CXX_LIBRARY = "libc++";
				CLANG_ENABLE_MODULES = YES;
				CLANG_ENABLE_OBJC_ARC = YES;
				CLANG_ENABLE_OBJC_WEAK = YES;
				CLANG_WARN_BLOCK_CAPTURE_AUTORELEASING = YES;
				CLANG_WARN_BOOL_CONVERSION = YES;
				CLANG_WARN_COMMA = YES;
				CLANG_WARN_CONSTANT_CONVERSION = YES;
				CLANG_WARN_DEPRECATED_OBJC_IMPLEMENTATIONS = YES;
				CLANG_WARN_DIRECT_OBJC_ISA_USAGE = YES_ERROR;
				CLANG_WARN_DOCUMENTATION_COMMENTS = YES;
				CLANG_WARN_EMPTY_BODY = YES;
				CLANG_WARN_ENUM_CONVERSION = YES;
				CLANG_WARN_INFINITE_RECURSION = YES;
				CLANG_WARN_INT_CONVERSION = YES;
				CLANG_WARN_NON_LITERAL_NULL_CONVERSION = YES;
				CLANG_WARN_OBJC_IMPLICIT_RETAIN_SELF = YES;
				CLANG_WARN_OBJC_LITERAL_CONVERSION = YES;
				CLANG_WARN_OBJC_ROOT_CLASS = YES_ERROR;
				CLANG_WARN_QUOTED_INCLUDE_IN_FRAMEWORK_HEADER = YES;
				CLANG_WARN_RANGE_LOOP_ANALYSIS = YES;
				CLANG_WARN_STRICT_PROTOTYPES = YES;
				CLANG_WARN_SUSPICIOUS_MOVE = YES;
				CLANG_WARN_UNGUARDED_AVAILABILITY = YES_AGGRESSIVE;
				CLANG_WARN_UNREACHABLE_CODE = YES;
				CLANG_WARN__DUPLICATE_METHOD_MATCH = YES;
				COPY_PHASE_STRIP = NO;
				DEBUG_INFORMATION_FORMAT = "dwarf-with-dsym";
				ENABLE_NS_ASSERTIONS = NO;
				ENABLE_STRICT_OBJC_MSGSEND = YES;
				GCC_C_LANGUAGE_STANDARD = gnu11;
				GCC_NO_COMMON_BLOCKS = YES;
				GCC_WARN_64_TO_32_BIT_CONVERSION = YES;
				GCC_WARN_ABOUT_RETURN_TYPE = YES_ERROR;
				GCC_WARN_UNDECLARED_SELECTOR = YES;
				GCC_WARN_UNINITIALIZED_AUTOS = YES_AGGRESSIVE;
				GCC_WARN_UNUSED_FUNCTION = YES;
				GCC_WARN_UNUSED_VARIABLE = YES;
				IPHONEOS_DEPLOYMENT_TARGET = 15.0;
				MTL_ENABLE_DEBUG_INFO = NO;
				MTL_FAST_MATH = YES;
				SDKROOT = iphoneos;
				SWIFT_COMPILATION_MODE = wholemodule;
				SWIFT_OPTIMIZATION_LEVEL = "-O";
				VALIDATE_PRODUCT = YES;
			};
			name = Release;
		};
		0A66BF6A2693FE5C0007FF7F /* Debug */ = {
			isa = XCBuildConfiguration;
			buildSettings = {
				ASSETCATALOG_COMPILER_APPICON_NAME = AppIcon;
				ASSETCATALOG_COMPILER_GLOBAL_ACCENT_COLOR_NAME = AccentColor;
				CODE_SIGN_STYLE = Automatic;
				CURRENT_PROJECT_VERSION = 1;
				DEVELOPMENT_TEAM = RV78ENMXZ2;
				ENABLE_PREVIEWS = YES;
				GENERATE_INFOPLIST_FILE = YES;
				INFOPLIST_KEY_UIApplicationSceneManifest_Generation = YES;
				INFOPLIST_KEY_UIApplicationSupportsIndirectInputEvents = YES;
				INFOPLIST_KEY_UILaunchScreen_Generation = YES;
				INFOPLIST_KEY_UISupportedInterfaceOrientations_iPad = "UIInterfaceOrientationPortrait UIInterfaceOrientationPortraitUpsideDown UIInterfaceOrientationLandscapeLeft UIInterfaceOrientationLandscapeRight";
				INFOPLIST_KEY_UISupportedInterfaceOrientations_iPhone = "UIInterfaceOrientationPortrait UIInterfaceOrientationLandscapeLeft UIInterfaceOrientationLandscapeRight";
				IPHONEOS_DEPLOYMENT_TARGET = 15.0;
				LD_RUNPATH_SEARCH_PATHS = (
					"$(inherited)",
					"@executable_path/Frameworks",
				);
				MARKETING_VERSION = 1.0;
				PRODUCT_BUNDLE_IDENTIFIER = com.luckdev.Glance;
				PRODUCT_NAME = "$(TARGET_NAME)";
				SWIFT_EMIT_LOC_STRINGS = YES;
				SWIFT_VERSION = 5.0;
				TARGETED_DEVICE_FAMILY = 1;
			};
			name = Debug;
		};
		0A66BF6B2693FE5C0007FF7F /* Release */ = {
			isa = XCBuildConfiguration;
			buildSettings = {
				ASSETCATALOG_COMPILER_APPICON_NAME = AppIcon;
				ASSETCATALOG_COMPILER_GLOBAL_ACCENT_COLOR_NAME = AccentColor;
				CODE_SIGN_STYLE = Automatic;
				CURRENT_PROJECT_VERSION = 1;
				DEVELOPMENT_TEAM = RV78ENMXZ2;
				ENABLE_PREVIEWS = YES;
				GENERATE_INFOPLIST_FILE = YES;
				INFOPLIST_KEY_UIApplicationSceneManifest_Generation = YES;
				INFOPLIST_KEY_UIApplicationSupportsIndirectInputEvents = YES;
				INFOPLIST_KEY_UILaunchScreen_Generation = YES;
				INFOPLIST_KEY_UISupportedInterfaceOrientations_iPad = "UIInterfaceOrientationPortrait UIInterfaceOrientationPortraitUpsideDown UIInterfaceOrientationLandscapeLeft UIInterfaceOrientationLandscapeRight";
				INFOPLIST_KEY_UISupportedInterfaceOrientations_iPhone = "UIInterfaceOrientationPortrait UIInterfaceOrientationLandscapeLeft UIInterfaceOrientationLandscapeRight";
				IPHONEOS_DEPLOYMENT_TARGET = 15.0;
				LD_RUNPATH_SEARCH_PATHS = (
					"$(inherited)",
					"@executable_path/Frameworks",
				);
				MARKETING_VERSION = 1.0;
				PRODUCT_BUNDLE_IDENTIFIER = com.luckdev.Glance;
				PRODUCT_NAME = "$(TARGET_NAME)";
				SWIFT_EMIT_LOC_STRINGS = YES;
				SWIFT_VERSION = 5.0;
				TARGETED_DEVICE_FAMILY = 1;
			};
			name = Release;
		};
		0A66BF6D2693FE5C0007FF7F /* Debug */ = {
			isa = XCBuildConfiguration;
			buildSettings = {
				ALWAYS_EMBED_SWIFT_STANDARD_LIBRARIES = YES;
				BUNDLE_LOADER = "$(TEST_HOST)";
				CODE_SIGN_STYLE = Automatic;
				CURRENT_PROJECT_VERSION = 1;
				DEVELOPMENT_TEAM = RV78ENMXZ2;
				GENERATE_INFOPLIST_FILE = YES;
				IPHONEOS_DEPLOYMENT_TARGET = 14.0;
				LD_RUNPATH_SEARCH_PATHS = (
					"$(inherited)",
					"@executable_path/Frameworks",
					"@loader_path/Frameworks",
				);
				MARKETING_VERSION = 1.0;
				PRODUCT_BUNDLE_IDENTIFIER = com.luckdev.GlanceTests;
				PRODUCT_NAME = "$(TARGET_NAME)";
				SWIFT_EMIT_LOC_STRINGS = NO;
				SWIFT_VERSION = 5.0;
				TARGETED_DEVICE_FAMILY = "1,2";
				TEST_HOST = "$(BUILT_PRODUCTS_DIR)/Glance.app/Glance";
			};
			name = Debug;
		};
		0A66BF6E2693FE5C0007FF7F /* Release */ = {
			isa = XCBuildConfiguration;
			buildSettings = {
				ALWAYS_EMBED_SWIFT_STANDARD_LIBRARIES = YES;
				BUNDLE_LOADER = "$(TEST_HOST)";
				CODE_SIGN_STYLE = Automatic;
				CURRENT_PROJECT_VERSION = 1;
				DEVELOPMENT_TEAM = RV78ENMXZ2;
				GENERATE_INFOPLIST_FILE = YES;
				IPHONEOS_DEPLOYMENT_TARGET = 14.0;
				LD_RUNPATH_SEARCH_PATHS = (
					"$(inherited)",
					"@executable_path/Frameworks",
					"@loader_path/Frameworks",
				);
				MARKETING_VERSION = 1.0;
				PRODUCT_BUNDLE_IDENTIFIER = com.luckdev.GlanceTests;
				PRODUCT_NAME = "$(TARGET_NAME)";
				SWIFT_EMIT_LOC_STRINGS = NO;
				SWIFT_VERSION = 5.0;
				TARGETED_DEVICE_FAMILY = "1,2";
				TEST_HOST = "$(BUILT_PRODUCTS_DIR)/Glance.app/Glance";
			};
			name = Release;
		};
		0A66BF702693FE5C0007FF7F /* Debug */ = {
			isa = XCBuildConfiguration;
			buildSettings = {
				ALWAYS_EMBED_SWIFT_STANDARD_LIBRARIES = YES;
				CODE_SIGN_STYLE = Automatic;
				CURRENT_PROJECT_VERSION = 1;
				DEVELOPMENT_TEAM = RV78ENMXZ2;
				GENERATE_INFOPLIST_FILE = YES;
				LD_RUNPATH_SEARCH_PATHS = (
					"$(inherited)",
					"@executable_path/Frameworks",
					"@loader_path/Frameworks",
				);
				MARKETING_VERSION = 1.0;
				PRODUCT_BUNDLE_IDENTIFIER = com.luckdev.GlanceUITests;
				PRODUCT_NAME = "$(TARGET_NAME)";
				SWIFT_EMIT_LOC_STRINGS = NO;
				SWIFT_VERSION = 5.0;
				TARGETED_DEVICE_FAMILY = "1,2";
				TEST_TARGET_NAME = Glance;
			};
			name = Debug;
		};
		0A66BF712693FE5C0007FF7F /* Release */ = {
			isa = XCBuildConfiguration;
			buildSettings = {
				ALWAYS_EMBED_SWIFT_STANDARD_LIBRARIES = YES;
				CODE_SIGN_STYLE = Automatic;
				CURRENT_PROJECT_VERSION = 1;
				DEVELOPMENT_TEAM = RV78ENMXZ2;
				GENERATE_INFOPLIST_FILE = YES;
				LD_RUNPATH_SEARCH_PATHS = (
					"$(inherited)",
					"@executable_path/Frameworks",
					"@loader_path/Frameworks",
				);
				MARKETING_VERSION = 1.0;
				PRODUCT_BUNDLE_IDENTIFIER = com.luckdev.GlanceUITests;
				PRODUCT_NAME = "$(TARGET_NAME)";
				SWIFT_EMIT_LOC_STRINGS = NO;
				SWIFT_VERSION = 5.0;
				TARGETED_DEVICE_FAMILY = "1,2";
				TEST_TARGET_NAME = Glance;
			};
			name = Release;
		};
/* End XCBuildConfiguration section */

/* Begin XCConfigurationList section */
		0A66BF422693FE5B0007FF7F /* Build configuration list for PBXProject "Glance" */ = {
			isa = XCConfigurationList;
			buildConfigurations = (
				0A66BF672693FE5C0007FF7F /* Debug */,
				0A66BF682693FE5C0007FF7F /* Release */,
			);
			defaultConfigurationIsVisible = 0;
			defaultConfigurationName = Release;
		};
		0A66BF692693FE5C0007FF7F /* Build configuration list for PBXNativeTarget "Glance" */ = {
			isa = XCConfigurationList;
			buildConfigurations = (
				0A66BF6A2693FE5C0007FF7F /* Debug */,
				0A66BF6B2693FE5C0007FF7F /* Release */,
			);
			defaultConfigurationIsVisible = 0;
			defaultConfigurationName = Release;
		};
		0A66BF6C2693FE5C0007FF7F /* Build configuration list for PBXNativeTarget "GlanceTests" */ = {
			isa = XCConfigurationList;
			buildConfigurations = (
				0A66BF6D2693FE5C0007FF7F /* Debug */,
				0A66BF6E2693FE5C0007FF7F /* Release */,
			);
			defaultConfigurationIsVisible = 0;
			defaultConfigurationName = Release;
		};
		0A66BF6F2693FE5C0007FF7F /* Build configuration list for PBXNativeTarget "GlanceUITests" */ = {
			isa = XCConfigurationList;
			buildConfigurations = (
				0A66BF702693FE5C0007FF7F /* Debug */,
				0A66BF712693FE5C0007FF7F /* Release */,
			);
			defaultConfigurationIsVisible = 0;
			defaultConfigurationName = Release;
		};
/* End XCConfigurationList section */
	};
	rootObject = 0A66BF3F2693FE5B0007FF7F /* Project object */;
}
